
Microsoft Visual Studio Solution File, Format Version 12.00
# Visual Studio Version 16
VisualStudioVersion = 16.0.30907.101
MinimumVisualStudioVersion = 10.0.40219.1
Project("{FAE04EC0-301F-11D3-BF4B-00C04F79EFBC}") = "FirefoxCookieStealer", "FirefoxCookieStealer\FirefoxCookieStealer.csproj", "{B637D14C-B2D8-47B7-BEE5-115F3C9AD171}"
EndProject
Global
	GlobalSection(SolutionConfigurationPlatforms) = preSolution
		Debug|Any CPU = Debug|Any CPU
		Release|Any CPU = Release|Any CPU
	EndGlobalSection
	GlobalSection(ProjectConfigurationPlatforms) = postSolution
		{B637D14C-B2D8-47B7-BEE5-115F3C9AD171}.Debug|Any CPU.ActiveCfg = Debug|Any CPU
		{B637D14C-B2D8-47B7-BEE5-115F3C9AD171}.Debug|Any CPU.Build.0 = Debug|Any CPU
		{B637D14C-B2D8-47B7-BEE5-115F3C9AD171}.Release|Any CPU.ActiveCfg = Release|Any CPU
		{B637D14C-B2D8-47B7-BEE5-115F3C9AD171}.Release|Any CPU.Build.0 = Release|Any CPU
	EndGlobalSection
	GlobalSection(SolutionProperties) = preSolution
		HideSolutionNode = FALSE
	EndGlobalSection
	GlobalSection(ExtensibilityGlobals) = postSolution
		SolutionGuid = {B50E2C5C-3C44-4EE3-ACBE-4CC0156DE604}
	EndGlobalSection
EndGlobal
